// !$*UTF8*$!
{
	archiveVersion = 1;
	classes = {
	};
	objectVersion = 46;
	objects = {

/* Begin PBXBuildFile section */
		013A843717E9BEE100BC42ED /* 1.png in Resources */ = {isa = PBXBuildFile; fileRef = 013A842217E9BEE000BC42ED /* 1.png */; };
		013A843817E9BEE100BC42ED /* 2.png in Resources */ = {isa = PBXBuildFile; fileRef = 013A842317E9BEE000BC42ED /* 2.png */; };
		013A843917E9BEE100BC42ED /* 3.png in Resources */ = {isa = PBXBuildFile; fileRef = 013A842417E9BEE000BC42ED /* 3.png */; };
		013A843A17E9BEE100BC42ED /* 4.png in Resources */ = {isa = PBXBuildFile; fileRef = 013A842517E9BEE000BC42ED /* 4.png */; };
		013A843B17E9BEE100BC42ED /* 5.png in Resources */ = {isa = PBXBuildFile; fileRef = 013A842617E9BEE000BC42ED /* 5.png */; };
		013A843C17E9BEE100BC42ED /* 6.png in Resources */ = {isa = PBXBuildFile; fileRef = 013A842717E9BEE000BC42ED /* 6.png */; };
		013A843D17E9BEE100BC42ED /* 7.png in Resources */ = {isa = PBXBuildFile; fileRef = 013A842817E9BEE000BC42ED /* 7.png */; };
		013A843E17E9BEE100BC42ED /* 8.png in Resources */ = {isa = PBXBuildFile; fileRef = 013A842917E9BEE000BC42ED /* 8.png */; };
		013A843F17E9BEE100BC42ED /* 9.png in Resources */ = {isa = PBXBuildFile; fileRef = 013A842A17E9BEE000BC42ED /* 9.png */; };
		013A844017E9BEE100BC42ED /* 10.png in Resources */ = {isa = PBXBuildFile; fileRef = 013A842B17E9BEE000BC42ED /* 10.png */; };
		013A844117E9BEE100BC42ED /* 11.png in Resources */ = {isa = PBXBuildFile; fileRef = 013A842C17E9BEE000BC42ED /* 11.png */; };
		013A844217E9BEE100BC42ED /* 12.png in Resources */ = {isa = PBXBuildFile; fileRef = 013A842D17E9BEE000BC42ED /* 12.png */; };
		013A844317E9BEE100BC42ED /* 13.png in Resources */ = {isa = PBXBuildFile; fileRef = 013A842E17E9BEE000BC42ED /* 13.png */; };
		013A844417E9BEE100BC42ED /* 14.png in Resources */ = {isa = PBXBuildFile; fileRef = 013A842F17E9BEE000BC42ED /* 14.png */; };
		013A844517E9BEE100BC42ED /* 15.png in Resources */ = {isa = PBXBuildFile; fileRef = 013A843017E9BEE000BC42ED /* 15.png */; };
		013A844617E9BEE100BC42ED /* 16.png in Resources */ = {isa = PBXBuildFile; fileRef = 013A843117E9BEE000BC42ED /* 16.png */; };
		013A844717E9BEE100BC42ED /* 17.png in Resources */ = {isa = PBXBuildFile; fileRef = 013A843217E9BEE000BC42ED /* 17.png */; };
		013A844817E9BEE100BC42ED /* 18.png in Resources */ = {isa = PBXBuildFile; fileRef = 013A843317E9BEE100BC42ED /* 18.png */; };
		013A844917E9BEE100BC42ED /* 19.png in Resources */ = {isa = PBXBuildFile; fileRef = 013A843417E9BEE100BC42ED /* 19.png */; };
		013A844A17E9BEE100BC42ED /* 20.png in Resources */ = {isa = PBXBuildFile; fileRef = 013A843517E9BEE100BC42ED /* 20.png */; };
		013A844D17E9C18700BC42ED /* scene 3-2.png in Resources */ = {isa = PBXBuildFile; fileRef = 013A844C17E9C18700BC42ED /* scene 3-2.png */; };
		013A844F17E9C19500BC42ED /* scene 3.png in Resources */ = {isa = PBXBuildFile; fileRef = 013A844E17E9C19500BC42ED /* scene 3.png */; };
		013A845117E9CF4F00BC42ED /* label-product.png in Resources */ = {isa = PBXBuildFile; fileRef = 013A845017E9CF4F00BC42ED /* label-product.png */; };
		013A845317E9D11B00BC42ED /* product-laptop.png in Resources */ = {isa = PBXBuildFile; fileRef = 013A845217E9D11B00BC42ED /* product-laptop.png */; };
		013A845517E9D96E00BC42ED /* button-verder-staan.png in Resources */ = {isa = PBXBuildFile; fileRef = 013A845417E9D96D00BC42ED /* button-verder-staan.png */; };
		013A845717E9DAD700BC42ED /* scene 4.png in Resources */ = {isa = PBXBuildFile; fileRef = 013A845617E9DAD700BC42ED /* scene 4.png */; };
		013A845D17E9E2D000BC42ED /* text-background.png in Resources */ = {isa = PBXBuildFile; fileRef = 013A845C17E9E2D000BC42ED /* text-background.png */; };
		013A846017EA94A200BC42ED /* button-start-09.png in Resources */ = {isa = PBXBuildFile; fileRef = 013A845E17EA94A100BC42ED /* button-start-09.png */; };
		013A846117EA94A200BC42ED /* scene 3-07.png in Resources */ = {isa = PBXBuildFile; fileRef = 013A845F17EA94A100BC42ED /* scene 3-07.png */; };
		013A846417EA971100BC42ED /* DGSixthViewController.m in Sources */ = {isa = PBXBuildFile; fileRef = 013A846317EA971000BC42ED /* DGSixthViewController.m */; };
		013A846717EA972700BC42ED /* DGSeventhViewController.m in Sources */ = {isa = PBXBuildFile; fileRef = 013A846617EA972700BC42ED /* DGSeventhViewController.m */; };
		013A846A17EA973700BC42ED /* DGEighthViewController.m in Sources */ = {isa = PBXBuildFile; fileRef = 013A846917EA973600BC42ED /* DGEighthViewController.m */; };
		013A846C17EAA00D00BC42ED /* label-background-staan-03.png in Resources */ = {isa = PBXBuildFile; fileRef = 013A846B17EAA00D00BC42ED /* label-background-staan-03.png */; };
		013A846E17EAA19800BC42ED /* text-area-background-08.png in Resources */ = {isa = PBXBuildFile; fileRef = 013A846D17EAA19800BC42ED /* text-area-background-08.png */; };
		013A847017EAAEAE00BC42ED /* 72x72.png in Resources */ = {isa = PBXBuildFile; fileRef = 013A846F17EAAEAE00BC42ED /* 72x72.png */; };
		013A847217EAAEB400BC42ED /* 144x144.png in Resources */ = {isa = PBXBuildFile; fileRef = 013A847117EAAEB400BC42ED /* 144x144.png */; };
		013A847417EAB00400BC42ED /* Default-Landscape~ipad.png in Resources */ = {isa = PBXBuildFile; fileRef = 013A847317EAB00300BC42ED /* Default-Landscape~ipad.png */; };
		013A847717EAC8DA00BC42ED /* AssetsLibrary.framework in Frameworks */ = {isa = PBXBuildFile; fileRef = 013A847617EAC8DA00BC42ED /* AssetsLibrary.framework */; };
		013A847B17EAD84A00BC42ED /* ALAssetsLibrary+CustomPhotoAlbum.m in Sources */ = {isa = PBXBuildFile; fileRef = 013A847A17EAD84A00BC42ED /* ALAssetsLibrary+CustomPhotoAlbum.m */; };
		013A847E17EADBBC00BC42ED /* product-desktop.png in Resources */ = {isa = PBXBuildFile; fileRef = 013A847C17EADBBB00BC42ED /* product-desktop.png */; };
		013A847F17EADBBC00BC42ED /* product-ipad.png in Resources */ = {isa = PBXBuildFile; fileRef = 013A847D17EADBBC00BC42ED /* product-ipad.png */; };
		013A848117EAE38B00BC42ED /* AVFoundation.framework in Frameworks */ = {isa = PBXBuildFile; fileRef = 013A848017EAE38B00BC42ED /* AVFoundation.framework */; };
		0187A20117E820A7003219A5 /* UIKit.framework in Frameworks */ = {isa = PBXBuildFile; fileRef = 0187A20017E820A7003219A5 /* UIKit.framework */; };
		0187A20317E820A7003219A5 /* Foundation.framework in Frameworks */ = {isa = PBXBuildFile; fileRef = 0187A20217E820A7003219A5 /* Foundation.framework */; };
		0187A20517E820A7003219A5 /* CoreGraphics.framework in Frameworks */ = {isa = PBXBuildFile; fileRef = 0187A20417E820A7003219A5 /* CoreGraphics.framework */; };
		0187A20B17E820A7003219A5 /* InfoPlist.strings in Resources */ = {isa = PBXBuildFile; fileRef = 0187A20917E820A7003219A5 /* InfoPlist.strings */; };
		0187A20D17E820A7003219A5 /* main.m in Sources */ = {isa = PBXBuildFile; fileRef = 0187A20C17E820A7003219A5 /* main.m */; };
		0187A21117E820A7003219A5 /* DGAppDelegate.m in Sources */ = {isa = PBXBuildFile; fileRef = 0187A21017E820A7003219A5 /* DGAppDelegate.m */; };
		0187A21317E820A7003219A5 /* Default.png in Resources */ = {isa = PBXBuildFile; fileRef = 0187A21217E820A7003219A5 /* Default.png */; };
		0187A21517E820A7003219A5 /* Default@2x.png in Resources */ = {isa = PBXBuildFile; fileRef = 0187A21417E820A7003219A5 /* Default@2x.png */; };
		0187A21717E820A7003219A5 /* Default-568h@2x.png in Resources */ = {isa = PBXBuildFile; fileRef = 0187A21617E820A7003219A5 /* Default-568h@2x.png */; };
		0187A22A17E8210D003219A5 /* Ipad.storyboard in Resources */ = {isa = PBXBuildFile; fileRef = 0187A22517E8210D003219A5 /* Ipad.storyboard */; };
		0187A22E17E829AF003219A5 /* DGFirstViewController.m in Sources */ = {isa = PBXBuildFile; fileRef = 0187A22D17E829AF003219A5 /* DGFirstViewController.m */; };
		0187A23217E829C0003219A5 /* DGSecondViewController.m in Sources */ = {isa = PBXBuildFile; fileRef = 0187A23117E829C0003219A5 /* DGSecondViewController.m */; };
		0187A23517E829C8003219A5 /* DGThirdViewController.m in Sources */ = {isa = PBXBuildFile; fileRef = 0187A23417E829C8003219A5 /* DGThirdViewController.m */; };
		0187A23817E829D3003219A5 /* DGFourthViewController.m in Sources */ = {isa = PBXBuildFile; fileRef = 0187A23717E829D3003219A5 /* DGFourthViewController.m */; };
		0187A23B17E829EA003219A5 /* DGFifthViewController.m in Sources */ = {isa = PBXBuildFile; fileRef = 0187A23A17E829EA003219A5 /* DGFifthViewController.m */; };
		0187A23D17E83220003219A5 /* QuartzCore.framework in Frameworks */ = {isa = PBXBuildFile; fileRef = 0187A23C17E83220003219A5 /* QuartzCore.framework */; };
		0187A2B417E843E4003219A5 /* libGoogleAnalytics.a in Frameworks */ = {isa = PBXBuildFile; fileRef = 0187A2AE17E843E4003219A5 /* libGoogleAnalytics.a */; };
		0187A2B517E843E4003219A5 /* GTMNSString+HTML.m in Sources */ = {isa = PBXBuildFile; fileRef = 0187A2B117E843E4003219A5 /* GTMNSString+HTML.m */; };
		0187A2B617E843E4003219A5 /* MBProgressHUD.m in Sources */ = {isa = PBXBuildFile; fileRef = 0187A2B317E843E4003219A5 /* MBProgressHUD.m */; };
		0187A2BC17E9B655003219A5 /* button-check-04.png in Resources */ = {isa = PBXBuildFile; fileRef = 0187A2BB17E9B655003219A5 /* button-check-04.png */; };
		01BF348F17EC874200357E44 /* DGDataViewController.m in Sources */ = {isa = PBXBuildFile; fileRef = 01BF348E17EC874200357E44 /* DGDataViewController.m */; };
		01BF349617ECEF6B00357E44 /* backsound-dixon-game.mp3 in Resources */ = {isa = PBXBuildFile; fileRef = 01BF349017ECEF6B00357E44 /* backsound-dixon-game.mp3 */; };
		01BF349717ECEF6B00357E44 /* doe-mee-button.wav in Resources */ = {isa = PBXBuildFile; fileRef = 01BF349117ECEF6B00357E44 /* doe-mee-button.wav */; };
		01BF349817ECEF6B00357E44 /* false-answer.wav in Resources */ = {isa = PBXBuildFile; fileRef = 01BF349217ECEF6B00357E44 /* false-answer.wav */; };
		01BF349917ECEF6B00357E44 /* timer-sound_mixdown.wav in Resources */ = {isa = PBXBuildFile; fileRef = 01BF349317ECEF6B00357E44 /* timer-sound_mixdown.wav */; };
		01BF349A17ECEF6B00357E44 /* true-answer.wav in Resources */ = {isa = PBXBuildFile; fileRef = 01BF349417ECEF6B00357E44 /* true-answer.wav */; };
		01BF349B17ECEF6B00357E44 /* win-the-game.wav in Resources */ = {isa = PBXBuildFile; fileRef = 01BF349517ECEF6B00357E44 /* win-the-game.wav */; };
		01BF349D17ED00AF00357E44 /* MediaPlayer.framework in Frameworks */ = {isa = PBXBuildFile; fileRef = 01BF349C17ED00AF00357E44 /* MediaPlayer.framework */; };
		01BF349F17EDA99600357E44 /* 0.png in Resources */ = {isa = PBXBuildFile; fileRef = 01BF349E17EDA99600357E44 /* 0.png */; };
		8F4A9A8E17E98FE00005FC92 /* button start-07.png in Resources */ = {isa = PBXBuildFile; fileRef = 8F4A9A8C17E98FE00005FC92 /* button start-07.png */; };
		8F4A9A8F17E98FE00005FC92 /* scene 1.png in Resources */ = {isa = PBXBuildFile; fileRef = 8F4A9A8D17E98FE00005FC92 /* scene 1.png */; };
		8F4A9A9117E991810005FC92 /* scene 2.png in Resources */ = {isa = PBXBuildFile; fileRef = 8F4A9A9017E991810005FC92 /* scene 2.png */; };
		8F4A9A9317E992160005FC92 /* button-pick-image-10.png in Resources */ = {isa = PBXBuildFile; fileRef = 8F4A9A9217E992160005FC92 /* button-pick-image-10.png */; };
		8F4A9A9717E99D120005FC92 /* klaar-button-16.png in Resources */ = {isa = PBXBuildFile; fileRef = 8F4A9A9617E99D120005FC92 /* klaar-button-16.png */; };
		8F4A9A9917E99F110005FC92 /* scene 5.png in Resources */ = {isa = PBXBuildFile; fileRef = 8F4A9A9817E99F110005FC92 /* scene 5.png */; };
		8F4A9A9B17E99F3E0005FC92 /* scene 6.png in Resources */ = {isa = PBXBuildFile; fileRef = 8F4A9A9A17E99F3E0005FC92 /* scene 6.png */; };
		8F4A9AA217E99F9D0005FC92 /* button-back-to-start-08.png in Resources */ = {isa = PBXBuildFile; fileRef = 8F4A9A9C17E99F9D0005FC92 /* button-back-to-start-08.png */; };
		8F4A9AA317E99F9D0005FC92 /* button-pick-video-10.png in Resources */ = {isa = PBXBuildFile; fileRef = 8F4A9A9D17E99F9D0005FC92 /* button-pick-video-10.png */; };
		8F4A9AA417E99F9D0005FC92 /* button-start-active-14.png in Resources */ = {isa = PBXBuildFile; fileRef = 8F4A9A9E17E99F9D0005FC92 /* button-start-active-14.png */; };
		8F4A9AA617E99F9D0005FC92 /* button-verder-active.png in Resources */ = {isa = PBXBuildFile; fileRef = 8F4A9AA017E99F9D0005FC92 /* button-verder-active.png */; };
		8F4A9AA717E99F9D0005FC92 /* button-verder-inactive-13.png in Resources */ = {isa = PBXBuildFile; fileRef = 8F4A9AA117E99F9D0005FC92 /* button-verder-inactive-13.png */; };
/* End PBXBuildFile section */

/* Begin PBXFileReference section */
		013A842217E9BEE000BC42ED /* 1.png */ = {isa = PBXFileReference; lastKnownFileType = image.png; path = 1.png; sourceTree = "<group>"; };
		013A842317E9BEE000BC42ED /* 2.png */ = {isa = PBXFileReference; lastKnownFileType = image.png; path = 2.png; sourceTree = "<group>"; };
		013A842417E9BEE000BC42ED /* 3.png */ = {isa = PBXFileReference; lastKnownFileType = image.png; path = 3.png; sourceTree = "<group>"; };
		013A842517E9BEE000BC42ED /* 4.png */ = {isa = PBXFileReference; lastKnownFileType = image.png; path = 4.png; sourceTree = "<group>"; };
		013A842617E9BEE000BC42ED /* 5.png */ = {isa = PBXFileReference; lastKnownFileType = image.png; path = 5.png; sourceTree = "<group>"; };
		013A842717E9BEE000BC42ED /* 6.png */ = {isa = PBXFileReference; lastKnownFileType = image.png; path = 6.png; sourceTree = "<group>"; };
		013A842817E9BEE000BC42ED /* 7.png */ = {isa = PBXFileReference; lastKnownFileType = image.png; path = 7.png; sourceTree = "<group>"; };
		013A842917E9BEE000BC42ED /* 8.png */ = {isa = PBXFileReference; lastKnownFileType = image.png; path = 8.png; sourceTree = "<group>"; };
		013A842A17E9BEE000BC42ED /* 9.png */ = {isa = PBXFileReference; lastKnownFileType = image.png; path = 9.png; sourceTree = "<group>"; };
		013A842B17E9BEE000BC42ED /* 10.png */ = {isa = PBXFileReference; lastKnownFileType = image.png; path = 10.png; sourceTree = "<group>"; };
		013A842C17E9BEE000BC42ED /* 11.png */ = {isa = PBXFileReference; lastKnownFileType = image.png; path = 11.png; sourceTree = "<group>"; };
		013A842D17E9BEE000BC42ED /* 12.png */ = {isa = PBXFileReference; lastKnownFileType = image.png; path = 12.png; sourceTree = "<group>"; };
		013A842E17E9BEE000BC42ED /* 13.png */ = {isa = PBXFileReference; lastKnownFileType = image.png; path = 13.png; sourceTree = "<group>"; };
		013A842F17E9BEE000BC42ED /* 14.png */ = {isa = PBXFileReference; lastKnownFileType = image.png; path = 14.png; sourceTree = "<group>"; };
		013A843017E9BEE000BC42ED /* 15.png */ = {isa = PBXFileReference; lastKnownFileType = image.png; path = 15.png; sourceTree = "<group>"; };
		013A843117E9BEE000BC42ED /* 16.png */ = {isa = PBXFileReference; lastKnownFileType = image.png; path = 16.png; sourceTree = "<group>"; };
		013A843217E9BEE000BC42ED /* 17.png */ = {isa = PBXFileReference; lastKnownFileType = image.png; path = 17.png; sourceTree = "<group>"; };
		013A843317E9BEE100BC42ED /* 18.png */ = {isa = PBXFileReference; lastKnownFileType = image.png; path = 18.png; sourceTree = "<group>"; };
		013A843417E9BEE100BC42ED /* 19.png */ = {isa = PBXFileReference; lastKnownFileType = image.png; path = 19.png; sourceTree = "<group>"; };
		013A843517E9BEE100BC42ED /* 20.png */ = {isa = PBXFileReference; lastKnownFileType = image.png; path = 20.png; sourceTree = "<group>"; };
		013A844C17E9C18700BC42ED /* scene 3-2.png */ = {isa = PBXFileReference; lastKnownFileType = image.png; path = "scene 3-2.png"; sourceTree = "<group>"; };
		013A844E17E9C19500BC42ED /* scene 3.png */ = {isa = PBXFileReference; lastKnownFileType = image.png; path = "scene 3.png"; sourceTree = "<group>"; };
		013A845017E9CF4F00BC42ED /* label-product.png */ = {isa = PBXFileReference; lastKnownFileType = image.png; path = "label-product.png"; sourceTree = "<group>"; };
		013A845217E9D11B00BC42ED /* product-laptop.png */ = {isa = PBXFileReference; lastKnownFileType = image.png; path = "product-laptop.png"; sourceTree = "<group>"; };
		013A845417E9D96D00BC42ED /* button-verder-staan.png */ = {isa = PBXFileReference; lastKnownFileType = image.png; path = "button-verder-staan.png"; sourceTree = "<group>"; };
		013A845617E9DAD700BC42ED /* scene 4.png */ = {isa = PBXFileReference; lastKnownFileType = image.png; path = "scene 4.png"; sourceTree = "<group>"; };
		013A845C17E9E2D000BC42ED /* text-background.png */ = {isa = PBXFileReference; lastKnownFileType = image.png; path = "text-background.png"; sourceTree = "<group>"; };
		013A845E17EA94A100BC42ED /* button-start-09.png */ = {isa = PBXFileReference; lastKnownFileType = image.png; path = "button-start-09.png"; sourceTree = "<group>"; };
		013A845F17EA94A100BC42ED /* scene 3-07.png */ = {isa = PBXFileReference; lastKnownFileType = image.png; path = "scene 3-07.png"; sourceTree = "<group>"; };
		013A846217EA971000BC42ED /* DGSixthViewController.h */ = {isa = PBXFileReference; fileEncoding = 4; lastKnownFileType = sourcecode.c.h; path = DGSixthViewController.h; sourceTree = "<group>"; };
		013A846317EA971000BC42ED /* DGSixthViewController.m */ = {isa = PBXFileReference; fileEncoding = 4; lastKnownFileType = sourcecode.c.objc; path = DGSixthViewController.m; sourceTree = "<group>"; };
		013A846517EA972700BC42ED /* DGSeventhViewController.h */ = {isa = PBXFileReference; fileEncoding = 4; lastKnownFileType = sourcecode.c.h; path = DGSeventhViewController.h; sourceTree = "<group>"; };
		013A846617EA972700BC42ED /* DGSeventhViewController.m */ = {isa = PBXFileReference; fileEncoding = 4; lastKnownFileType = sourcecode.c.objc; path = DGSeventhViewController.m; sourceTree = "<group>"; };
		013A846817EA973600BC42ED /* DGEighthViewController.h */ = {isa = PBXFileReference; fileEncoding = 4; lastKnownFileType = sourcecode.c.h; path = DGEighthViewController.h; sourceTree = "<group>"; };
		013A846917EA973600BC42ED /* DGEighthViewController.m */ = {isa = PBXFileReference; fileEncoding = 4; lastKnownFileType = sourcecode.c.objc; path = DGEighthViewController.m; sourceTree = "<group>"; };
		013A846B17EAA00D00BC42ED /* label-background-staan-03.png */ = {isa = PBXFileReference; lastKnownFileType = image.png; path = "label-background-staan-03.png"; sourceTree = "<group>"; };
		013A846D17EAA19800BC42ED /* text-area-background-08.png */ = {isa = PBXFileReference; lastKnownFileType = image.png; path = "text-area-background-08.png"; sourceTree = "<group>"; };
		013A846F17EAAEAE00BC42ED /* 72x72.png */ = {isa = PBXFileReference; lastKnownFileType = image.png; path = 72x72.png; sourceTree = "<group>"; };
		013A847117EAAEB400BC42ED /* 144x144.png */ = {isa = PBXFileReference; lastKnownFileType = image.png; path = 144x144.png; sourceTree = "<group>"; };
		013A847317EAB00300BC42ED /* Default-Landscape~ipad.png */ = {isa = PBXFileReference; lastKnownFileType = image.png; path = "Default-Landscape~ipad.png"; sourceTree = "<group>"; };
		013A847617EAC8DA00BC42ED /* AssetsLibrary.framework */ = {isa = PBXFileReference; lastKnownFileType = wrapper.framework; name = AssetsLibrary.framework; path = System/Library/Frameworks/AssetsLibrary.framework; sourceTree = SDKROOT; };
		013A847917EAD84A00BC42ED /* ALAssetsLibrary+CustomPhotoAlbum.h */ = {isa = PBXFileReference; fileEncoding = 4; lastKnownFileType = sourcecode.c.h; path = "ALAssetsLibrary+CustomPhotoAlbum.h"; sourceTree = "<group>"; };
		013A847A17EAD84A00BC42ED /* ALAssetsLibrary+CustomPhotoAlbum.m */ = {isa = PBXFileReference; fileEncoding = 4; lastKnownFileType = sourcecode.c.objc; path = "ALAssetsLibrary+CustomPhotoAlbum.m"; sourceTree = "<group>"; };
		013A847C17EADBBB00BC42ED /* product-desktop.png */ = {isa = PBXFileReference; lastKnownFileType = image.png; path = "product-desktop.png"; sourceTree = "<group>"; };
		013A847D17EADBBC00BC42ED /* product-ipad.png */ = {isa = PBXFileReference; lastKnownFileType = image.png; path = "product-ipad.png"; sourceTree = "<group>"; };
		013A848017EAE38B00BC42ED /* AVFoundation.framework */ = {isa = PBXFileReference; lastKnownFileType = wrapper.framework; name = AVFoundation.framework; path = System/Library/Frameworks/AVFoundation.framework; sourceTree = SDKROOT; };
		0187A1FD17E820A7003219A5 /* dixonsgame.app */ = {isa = PBXFileReference; explicitFileType = wrapper.application; includeInIndex = 0; path = dixonsgame.app; sourceTree = BUILT_PRODUCTS_DIR; };
		0187A20017E820A7003219A5 /* UIKit.framework */ = {isa = PBXFileReference; lastKnownFileType = wrapper.framework; name = UIKit.framework; path = System/Library/Frameworks/UIKit.framework; sourceTree = SDKROOT; };
		0187A20217E820A7003219A5 /* Foundation.framework */ = {isa = PBXFileReference; lastKnownFileType = wrapper.framework; name = Foundation.framework; path = System/Library/Frameworks/Foundation.framework; sourceTree = SDKROOT; };
		0187A20417E820A7003219A5 /* CoreGraphics.framework */ = {isa = PBXFileReference; lastKnownFileType = wrapper.framework; name = CoreGraphics.framework; path = System/Library/Frameworks/CoreGraphics.framework; sourceTree = SDKROOT; };
		0187A20817E820A7003219A5 /* dixonsgame-Info.plist */ = {isa = PBXFileReference; lastKnownFileType = text.plist.xml; path = "dixonsgame-Info.plist"; sourceTree = "<group>"; };
		0187A20A17E820A7003219A5 /* en */ = {isa = PBXFileReference; lastKnownFileType = text.plist.strings; name = en; path = en.lproj/InfoPlist.strings; sourceTree = "<group>"; };
		0187A20C17E820A7003219A5 /* main.m */ = {isa = PBXFileReference; lastKnownFileType = sourcecode.c.objc; path = main.m; sourceTree = "<group>"; };
		0187A20E17E820A7003219A5 /* dixonsgame-Prefix.pch */ = {isa = PBXFileReference; lastKnownFileType = sourcecode.c.h; path = "dixonsgame-Prefix.pch"; sourceTree = "<group>"; };
		0187A20F17E820A7003219A5 /* DGAppDelegate.h */ = {isa = PBXFileReference; lastKnownFileType = sourcecode.c.h; path = DGAppDelegate.h; sourceTree = "<group>"; };
		0187A21017E820A7003219A5 /* DGAppDelegate.m */ = {isa = PBXFileReference; lastKnownFileType = sourcecode.c.objc; path = DGAppDelegate.m; sourceTree = "<group>"; };
		0187A21217E820A7003219A5 /* Default.png */ = {isa = PBXFileReference; lastKnownFileType = image.png; path = Default.png; sourceTree = "<group>"; };
		0187A21417E820A7003219A5 /* Default@2x.png */ = {isa = PBXFileReference; lastKnownFileType = image.png; path = "Default@2x.png"; sourceTree = "<group>"; };
		0187A21617E820A7003219A5 /* Default-568h@2x.png */ = {isa = PBXFileReference; lastKnownFileType = image.png; path = "Default-568h@2x.png"; sourceTree = "<group>"; };
		0187A22517E8210D003219A5 /* Ipad.storyboard */ = {isa = PBXFileReference; fileEncoding = 4; lastKnownFileType = file.storyboard; path = Ipad.storyboard; sourceTree = "<group>"; };
		0187A22C17E829AF003219A5 /* DGFirstViewController.h */ = {isa = PBXFileReference; fileEncoding = 4; lastKnownFileType = sourcecode.c.h; path = DGFirstViewController.h; sourceTree = "<group>"; };
		0187A22D17E829AF003219A5 /* DGFirstViewController.m */ = {isa = PBXFileReference; fileEncoding = 4; lastKnownFileType = sourcecode.c.objc; path = DGFirstViewController.m; sourceTree = "<group>"; };
		0187A23017E829C0003219A5 /* DGSecondViewController.h */ = {isa = PBXFileReference; fileEncoding = 4; lastKnownFileType = sourcecode.c.h; path = DGSecondViewController.h; sourceTree = "<group>"; };
		0187A23117E829C0003219A5 /* DGSecondViewController.m */ = {isa = PBXFileReference; fileEncoding = 4; lastKnownFileType = sourcecode.c.objc; path = DGSecondViewController.m; sourceTree = "<group>"; };
		0187A23317E829C8003219A5 /* DGThirdViewController.h */ = {isa = PBXFileReference; fileEncoding = 4; lastKnownFileType = sourcecode.c.h; path = DGThirdViewController.h; sourceTree = "<group>"; };
		0187A23417E829C8003219A5 /* DGThirdViewController.m */ = {isa = PBXFileReference; fileEncoding = 4; lastKnownFileType = sourcecode.c.objc; path = DGThirdViewController.m; sourceTree = "<group>"; };
		0187A23617E829D3003219A5 /* DGFourthViewController.h */ = {isa = PBXFileReference; fileEncoding = 4; lastKnownFileType = sourcecode.c.h; path = DGFourthViewController.h; sourceTree = "<group>"; };
		0187A23717E829D3003219A5 /* DGFourthViewController.m */ = {isa = PBXFileReference; fileEncoding = 4; lastKnownFileType = sourcecode.c.objc; path = DGFourthViewController.m; sourceTree = "<group>"; };
		0187A23917E829EA003219A5 /* DGFifthViewController.h */ = {isa = PBXFileReference; fileEncoding = 4; lastKnownFileType = sourcecode.c.h; path = DGFifthViewController.h; sourceTree = "<group>"; };
		0187A23A17E829EA003219A5 /* DGFifthViewController.m */ = {isa = PBXFileReference; fileEncoding = 4; lastKnownFileType = sourcecode.c.objc; path = DGFifthViewController.m; sourceTree = "<group>"; };
		0187A23C17E83220003219A5 /* QuartzCore.framework */ = {isa = PBXFileReference; lastKnownFileType = wrapper.framework; name = QuartzCore.framework; path = System/Library/Frameworks/QuartzCore.framework; sourceTree = SDKROOT; };
		0187A2A917E843E4003219A5 /* GAI.h */ = {isa = PBXFileReference; fileEncoding = 4; lastKnownFileType = sourcecode.c.h; path = GAI.h; sourceTree = "<group>"; };
		0187A2AA17E843E4003219A5 /* GAITrackedViewController.h */ = {isa = PBXFileReference; fileEncoding = 4; lastKnownFileType = sourcecode.c.h; path = GAITrackedViewController.h; sourceTree = "<group>"; };
		0187A2AB17E843E4003219A5 /* GAITracker.h */ = {isa = PBXFileReference; fileEncoding = 4; lastKnownFileType = sourcecode.c.h; path = GAITracker.h; sourceTree = "<group>"; };
		0187A2AC17E843E4003219A5 /* GAITransaction.h */ = {isa = PBXFileReference; fileEncoding = 4; lastKnownFileType = sourcecode.c.h; path = GAITransaction.h; sourceTree = "<group>"; };
		0187A2AD17E843E4003219A5 /* GAITransactionItem.h */ = {isa = PBXFileReference; fileEncoding = 4; lastKnownFileType = sourcecode.c.h; path = GAITransactionItem.h; sourceTree = "<group>"; };
		0187A2AE17E843E4003219A5 /* libGoogleAnalytics.a */ = {isa = PBXFileReference; lastKnownFileType = archive.ar; path = libGoogleAnalytics.a; sourceTree = "<group>"; };
		0187A2AF17E843E4003219A5 /* GTMDefines.h */ = {isa = PBXFileReference; fileEncoding = 4; lastKnownFileType = sourcecode.c.h; path = GTMDefines.h; sourceTree = "<group>"; };
		0187A2B017E843E4003219A5 /* GTMNSString+HTML.h */ = {isa = PBXFileReference; fileEncoding = 4; lastKnownFileType = sourcecode.c.h; path = "GTMNSString+HTML.h"; sourceTree = "<group>"; };
		0187A2B117E843E4003219A5 /* GTMNSString+HTML.m */ = {isa = PBXFileReference; fileEncoding = 4; lastKnownFileType = sourcecode.c.objc; path = "GTMNSString+HTML.m"; sourceTree = "<group>"; };
		0187A2B217E843E4003219A5 /* MBProgressHUD.h */ = {isa = PBXFileReference; fileEncoding = 4; lastKnownFileType = sourcecode.c.h; path = MBProgressHUD.h; sourceTree = "<group>"; };
		0187A2B317E843E4003219A5 /* MBProgressHUD.m */ = {isa = PBXFileReference; fileEncoding = 4; lastKnownFileType = sourcecode.c.objc; path = MBProgressHUD.m; sourceTree = "<group>"; };
		0187A2BB17E9B655003219A5 /* button-check-04.png */ = {isa = PBXFileReference; lastKnownFileType = image.png; path = "button-check-04.png"; sourceTree = "<group>"; };
		01BF348D17EC874200357E44 /* DGDataViewController.h */ = {isa = PBXFileReference; fileEncoding = 4; lastKnownFileType = sourcecode.c.h; path = DGDataViewController.h; sourceTree = "<group>"; };
		01BF348E17EC874200357E44 /* DGDataViewController.m */ = {isa = PBXFileReference; fileEncoding = 4; lastKnownFileType = sourcecode.c.objc; path = DGDataViewController.m; sourceTree = "<group>"; };
		01BF349017ECEF6B00357E44 /* backsound-dixon-game.mp3 */ = {isa = PBXFileReference; lastKnownFileType = audio.mp3; path = "backsound-dixon-game.mp3"; sourceTree = "<group>"; };
		01BF349117ECEF6B00357E44 /* doe-mee-button.wav */ = {isa = PBXFileReference; lastKnownFileType = audio.wav; path = "doe-mee-button.wav"; sourceTree = "<group>"; };
		01BF349217ECEF6B00357E44 /* false-answer.wav */ = {isa = PBXFileReference; lastKnownFileType = audio.wav; path = "false-answer.wav"; sourceTree = "<group>"; };
		01BF349317ECEF6B00357E44 /* timer-sound_mixdown.wav */ = {isa = PBXFileReference; lastKnownFileType = audio.wav; path = "timer-sound_mixdown.wav"; sourceTree = "<group>"; };
		01BF349417ECEF6B00357E44 /* true-answer.wav */ = {isa = PBXFileReference; lastKnownFileType = audio.wav; path = "true-answer.wav"; sourceTree = "<group>"; };
		01BF349517ECEF6B00357E44 /* win-the-game.wav */ = {isa = PBXFileReference; lastKnownFileType = audio.wav; path = "win-the-game.wav"; sourceTree = "<group>"; };
		01BF349C17ED00AF00357E44 /* MediaPlayer.framework */ = {isa = PBXFileReference; lastKnownFileType = wrapper.framework; name = MediaPlayer.framework; path = System/Library/Frameworks/MediaPlayer.framework; sourceTree = SDKROOT; };
		01BF349E17EDA99600357E44 /* 0.png */ = {isa = PBXFileReference; lastKnownFileType = image.png; path = 0.png; sourceTree = "<group>"; };
		8F4A9A8C17E98FE00005FC92 /* button start-07.png */ = {isa = PBXFileReference; lastKnownFileType = image.png; path = "button start-07.png"; sourceTree = "<group>"; };
		8F4A9A8D17E98FE00005FC92 /* scene 1.png */ = {isa = PBXFileReference; lastKnownFileType = image.png; path = "scene 1.png"; sourceTree = "<group>"; };
		8F4A9A9017E991810005FC92 /* scene 2.png */ = {isa = PBXFileReference; lastKnownFileType = image.png; path = "scene 2.png"; sourceTree = "<group>"; };
		8F4A9A9217E992160005FC92 /* button-pick-image-10.png */ = {isa = PBXFileReference; lastKnownFileType = image.png; path = "button-pick-image-10.png"; sourceTree = "<group>"; };
		8F4A9A9617E99D120005FC92 /* klaar-button-16.png */ = {isa = PBXFileReference; lastKnownFileType = image.png; path = "klaar-button-16.png"; sourceTree = "<group>"; };
		8F4A9A9817E99F110005FC92 /* scene 5.png */ = {isa = PBXFileReference; lastKnownFileType = image.png; path = "scene 5.png"; sourceTree = "<group>"; };
		8F4A9A9A17E99F3E0005FC92 /* scene 6.png */ = {isa = PBXFileReference; lastKnownFileType = image.png; path = "scene 6.png"; sourceTree = "<group>"; };
		8F4A9A9C17E99F9D0005FC92 /* button-back-to-start-08.png */ = {isa = PBXFileReference; lastKnownFileType = image.png; path = "button-back-to-start-08.png"; sourceTree = "<group>"; };
		8F4A9A9D17E99F9D0005FC92 /* button-pick-video-10.png */ = {isa = PBXFileReference; lastKnownFileType = image.png; path = "button-pick-video-10.png"; sourceTree = "<group>"; };
		8F4A9A9E17E99F9D0005FC92 /* button-start-active-14.png */ = {isa = PBXFileReference; lastKnownFileType = image.png; path = "button-start-active-14.png"; sourceTree = "<group>"; };
		8F4A9AA017E99F9D0005FC92 /* button-verder-active.png */ = {isa = PBXFileReference; lastKnownFileType = image.png; path = "button-verder-active.png"; sourceTree = "<group>"; };
		8F4A9AA117E99F9D0005FC92 /* button-verder-inactive-13.png */ = {isa = PBXFileReference; lastKnownFileType = image.png; path = "button-verder-inactive-13.png"; sourceTree = "<group>"; };
/* End PBXFileReference section */

/* Begin PBXFrameworksBuildPhase section */
		0187A1FA17E820A7003219A5 /* Frameworks */ = {
			isa = PBXFrameworksBuildPhase;
			buildActionMask = 2147483647;
			files = (
				01BF349D17ED00AF00357E44 /* MediaPlayer.framework in Frameworks */,
				013A848117EAE38B00BC42ED /* AVFoundation.framework in Frameworks */,
				013A847717EAC8DA00BC42ED /* AssetsLibrary.framework in Frameworks */,
				0187A23D17E83220003219A5 /* QuartzCore.framework in Frameworks */,
				0187A20117E820A7003219A5 /* UIKit.framework in Frameworks */,
				0187A20317E820A7003219A5 /* Foundation.framework in Frameworks */,
				0187A20517E820A7003219A5 /* CoreGraphics.framework in Frameworks */,
				0187A2B417E843E4003219A5 /* libGoogleAnalytics.a in Frameworks */,
			);
			runOnlyForDeploymentPostprocessing = 0;
		};
/* End PBXFrameworksBuildPhase section */

/* Begin PBXGroup section */
		013A848217EAE3B000BC42ED /* Images */ = {
			isa = PBXGroup;
			children = (
				01BF349E17EDA99600357E44 /* 0.png */,
				013A847C17EADBBB00BC42ED /* product-desktop.png */,
				013A847D17EADBBC00BC42ED /* product-ipad.png */,
				013A845217E9D11B00BC42ED /* product-laptop.png */,
				013A846D17EAA19800BC42ED /* text-area-background-08.png */,
				013A846B17EAA00D00BC42ED /* label-background-staan-03.png */,
				013A845E17EA94A100BC42ED /* button-start-09.png */,
				013A845F17EA94A100BC42ED /* scene 3-07.png */,
				013A845C17E9E2D000BC42ED /* text-background.png */,
				013A845417E9D96D00BC42ED /* button-verder-staan.png */,
				013A845017E9CF4F00BC42ED /* label-product.png */,
				013A842217E9BEE000BC42ED /* 1.png */,
				013A842317E9BEE000BC42ED /* 2.png */,
				013A842417E9BEE000BC42ED /* 3.png */,
				013A842517E9BEE000BC42ED /* 4.png */,
				013A842617E9BEE000BC42ED /* 5.png */,
				013A842717E9BEE000BC42ED /* 6.png */,
				013A842817E9BEE000BC42ED /* 7.png */,
				013A842917E9BEE000BC42ED /* 8.png */,
				013A842A17E9BEE000BC42ED /* 9.png */,
				013A842B17E9BEE000BC42ED /* 10.png */,
				013A842C17E9BEE000BC42ED /* 11.png */,
				013A842D17E9BEE000BC42ED /* 12.png */,
				013A842E17E9BEE000BC42ED /* 13.png */,
				013A842F17E9BEE000BC42ED /* 14.png */,
				013A843017E9BEE000BC42ED /* 15.png */,
				013A843117E9BEE000BC42ED /* 16.png */,
				013A843217E9BEE000BC42ED /* 17.png */,
				013A843317E9BEE100BC42ED /* 18.png */,
				013A843417E9BEE100BC42ED /* 19.png */,
				013A843517E9BEE100BC42ED /* 20.png */,
				0187A2BB17E9B655003219A5 /* button-check-04.png */,
				8F4A9A9C17E99F9D0005FC92 /* button-back-to-start-08.png */,
				8F4A9A9D17E99F9D0005FC92 /* button-pick-video-10.png */,
				8F4A9A9E17E99F9D0005FC92 /* button-start-active-14.png */,
				8F4A9AA017E99F9D0005FC92 /* button-verder-active.png */,
				8F4A9AA117E99F9D0005FC92 /* button-verder-inactive-13.png */,
				8F4A9A9217E992160005FC92 /* button-pick-image-10.png */,
				8F4A9A8C17E98FE00005FC92 /* button start-07.png */,
				8F4A9A9617E99D120005FC92 /* klaar-button-16.png */,
				8F4A9A9A17E99F3E0005FC92 /* scene 6.png */,
				8F4A9A9817E99F110005FC92 /* scene 5.png */,
				013A845617E9DAD700BC42ED /* scene 4.png */,
				013A844C17E9C18700BC42ED /* scene 3-2.png */,
				013A844E17E9C19500BC42ED /* scene 3.png */,
				8F4A9A9017E991810005FC92 /* scene 2.png */,
				8F4A9A8D17E98FE00005FC92 /* scene 1.png */,
			);
			name = Images;
			sourceTree = "<group>";
		};
		013A848F17EAE3E900BC42ED /* Sound */ = {
			isa = PBXGroup;
			children = (
				01BF349017ECEF6B00357E44 /* backsound-dixon-game.mp3 */,
				01BF349117ECEF6B00357E44 /* doe-mee-button.wav */,
				01BF349217ECEF6B00357E44 /* false-answer.wav */,
				01BF349317ECEF6B00357E44 /* timer-sound_mixdown.wav */,
				01BF349417ECEF6B00357E44 /* true-answer.wav */,
				01BF349517ECEF6B00357E44 /* win-the-game.wav */,
			);
			name = Sound;
			sourceTree = "<group>";
		};
		0187A1F417E820A7003219A5 = {
			isa = PBXGroup;
			children = (
				013A847317EAB00300BC42ED /* Default-Landscape~ipad.png */,
				013A847117EAAEB400BC42ED /* 144x144.png */,
				013A846F17EAAEAE00BC42ED /* 72x72.png */,
				0187A2A717E843E4003219A5 /* Libraries */,
				0187A20617E820A7003219A5 /* dixonsgame */,
				0187A1FF17E820A7003219A5 /* Frameworks */,
				0187A1FE17E820A7003219A5 /* Products */,
			);
			sourceTree = "<group>";
		};
		0187A1FE17E820A7003219A5 /* Products */ = {
			isa = PBXGroup;
			children = (
				0187A1FD17E820A7003219A5 /* dixonsgame.app */,
			);
			name = Products;
			sourceTree = "<group>";
		};
		0187A1FF17E820A7003219A5 /* Frameworks */ = {
			isa = PBXGroup;
			children = (
				01BF349C17ED00AF00357E44 /* MediaPlayer.framework */,
				013A848017EAE38B00BC42ED /* AVFoundation.framework */,
				013A847617EAC8DA00BC42ED /* AssetsLibrary.framework */,
				0187A23C17E83220003219A5 /* QuartzCore.framework */,
				0187A20017E820A7003219A5 /* UIKit.framework */,
				0187A20217E820A7003219A5 /* Foundation.framework */,
				0187A20417E820A7003219A5 /* CoreGraphics.framework */,
			);
			name = Frameworks;
			sourceTree = "<group>";
		};
		0187A20617E820A7003219A5 /* dixonsgame */ = {
			isa = PBXGroup;
			children = (
				0187A22517E8210D003219A5 /* Ipad.storyboard */,
				0187A20F17E820A7003219A5 /* DGAppDelegate.h */,
				0187A21017E820A7003219A5 /* DGAppDelegate.m */,
				0187A20717E820A7003219A5 /* Supporting Files */,
				0187A22F17E829B4003219A5 /* System */,
			);
			path = dixonsgame;
			sourceTree = "<group>";
		};
		0187A20717E820A7003219A5 /* Supporting Files */ = {
			isa = PBXGroup;
			children = (
				013A848F17EAE3E900BC42ED /* Sound */,
				013A848217EAE3B000BC42ED /* Images */,
				0187A20817E820A7003219A5 /* dixonsgame-Info.plist */,
				0187A20917E820A7003219A5 /* InfoPlist.strings */,
				0187A20C17E820A7003219A5 /* main.m */,
				0187A20E17E820A7003219A5 /* dixonsgame-Prefix.pch */,
				0187A21217E820A7003219A5 /* Default.png */,
				0187A21417E820A7003219A5 /* Default@2x.png */,
				0187A21617E820A7003219A5 /* Default-568h@2x.png */,
			);
			name = "Supporting Files";
			sourceTree = "<group>";
		};
		0187A22F17E829B4003219A5 /* System */ = {
			isa = PBXGroup;
			children = (
				0187A22C17E829AF003219A5 /* DGFirstViewController.h */,
				0187A22D17E829AF003219A5 /* DGFirstViewController.m */,
				0187A23017E829C0003219A5 /* DGSecondViewController.h */,
				0187A23117E829C0003219A5 /* DGSecondViewController.m */,
				0187A23317E829C8003219A5 /* DGThirdViewController.h */,
				0187A23417E829C8003219A5 /* DGThirdViewController.m */,
				0187A23617E829D3003219A5 /* DGFourthViewController.h */,
				0187A23717E829D3003219A5 /* DGFourthViewController.m */,
				0187A23917E829EA003219A5 /* DGFifthViewController.h */,
				0187A23A17E829EA003219A5 /* DGFifthViewController.m */,
				013A846217EA971000BC42ED /* DGSixthViewController.h */,
				013A846317EA971000BC42ED /* DGSixthViewController.m */,
				013A846517EA972700BC42ED /* DGSeventhViewController.h */,
				013A846617EA972700BC42ED /* DGSeventhViewController.m */,
				013A846817EA973600BC42ED /* DGEighthViewController.h */,
				013A846917EA973600BC42ED /* DGEighthViewController.m */,
				01BF348D17EC874200357E44 /* DGDataViewController.h */,
				01BF348E17EC874200357E44 /* DGDataViewController.m */,
			);
			name = System;
			sourceTree = "<group>";
		};
		0187A2A717E843E4003219A5 /* Libraries */ = {
			isa = PBXGroup;
			children = (
				0187A2A817E843E4003219A5 /* Google Analytics */,
				0187A2AF17E843E4003219A5 /* GTMDefines.h */,
				0187A2B017E843E4003219A5 /* GTMNSString+HTML.h */,
				0187A2B117E843E4003219A5 /* GTMNSString+HTML.m */,
				0187A2B217E843E4003219A5 /* MBProgressHUD.h */,
				0187A2B317E843E4003219A5 /* MBProgressHUD.m */,
				013A847917EAD84A00BC42ED /* ALAssetsLibrary+CustomPhotoAlbum.h */,
				013A847A17EAD84A00BC42ED /* ALAssetsLibrary+CustomPhotoAlbum.m */,
			);
			name = Libraries;
			path = dixonsgame/Libraries;
			sourceTree = "<group>";
		};
		0187A2A817E843E4003219A5 /* Google Analytics */ = {
			isa = PBXGroup;
			children = (
				0187A2A917E843E4003219A5 /* GAI.h */,
				0187A2AA17E843E4003219A5 /* GAITrackedViewController.h */,
				0187A2AB17E843E4003219A5 /* GAITracker.h */,
				0187A2AC17E843E4003219A5 /* GAITransaction.h */,
				0187A2AD17E843E4003219A5 /* GAITransactionItem.h */,
				0187A2AE17E843E4003219A5 /* libGoogleAnalytics.a */,
			);
			path = "Google Analytics";
			sourceTree = "<group>";
		};
/* End PBXGroup section */

/* Begin PBXNativeTarget section */
		0187A1FC17E820A7003219A5 /* dixonsgame */ = {
			isa = PBXNativeTarget;
			buildConfigurationList = 0187A21A17E820A7003219A5 /* Build configuration list for PBXNativeTarget "dixonsgame" */;
			buildPhases = (
				0187A1F917E820A7003219A5 /* Sources */,
				0187A1FA17E820A7003219A5 /* Frameworks */,
				0187A1FB17E820A7003219A5 /* Resources */,
			);
			buildRules = (
			);
			dependencies = (
			);
			name = dixonsgame;
			productName = dixonsgame;
			productReference = 0187A1FD17E820A7003219A5 /* dixonsgame.app */;
			productType = "com.apple.product-type.application";
		};
/* End PBXNativeTarget section */

/* Begin PBXProject section */
		0187A1F517E820A7003219A5 /* Project object */ = {
			isa = PBXProject;
			attributes = {
				CLASSPREFIX = DG;
				LastUpgradeCheck = 0460;
				ORGANIZATIONNAME = gaze;
			};
			buildConfigurationList = 0187A1F817E820A7003219A5 /* Build configuration list for PBXProject "dixonsgame" */;
			compatibilityVersion = "Xcode 3.2";
			developmentRegion = English;
			hasScannedForEncodings = 0;
			knownRegions = (
				en,
			);
			mainGroup = 0187A1F417E820A7003219A5;
			productRefGroup = 0187A1FE17E820A7003219A5 /* Products */;
			projectDirPath = "";
			projectRoot = "";
			targets = (
				0187A1FC17E820A7003219A5 /* dixonsgame */,
			);
		};
/* End PBXProject section */

/* Begin PBXResourcesBuildPhase section */
		0187A1FB17E820A7003219A5 /* Resources */ = {
			isa = PBXResourcesBuildPhase;
			buildActionMask = 2147483647;
			files = (
				0187A20B17E820A7003219A5 /* InfoPlist.strings in Resources */,
				0187A21317E820A7003219A5 /* Default.png in Resources */,
				0187A21517E820A7003219A5 /* Default@2x.png in Resources */,
				0187A21717E820A7003219A5 /* Default-568h@2x.png in Resources */,
				0187A22A17E8210D003219A5 /* Ipad.storyboard in Resources */,
				8F4A9A8E17E98FE00005FC92 /* button start-07.png in Resources */,
				8F4A9A8F17E98FE00005FC92 /* scene 1.png in Resources */,
				8F4A9A9117E991810005FC92 /* scene 2.png in Resources */,
				8F4A9A9317E992160005FC92 /* button-pick-image-10.png in Resources */,
				8F4A9A9717E99D120005FC92 /* klaar-button-16.png in Resources */,
				8F4A9A9917E99F110005FC92 /* scene 5.png in Resources */,
				8F4A9A9B17E99F3E0005FC92 /* scene 6.png in Resources */,
				8F4A9AA217E99F9D0005FC92 /* button-back-to-start-08.png in Resources */,
				8F4A9AA317E99F9D0005FC92 /* button-pick-video-10.png in Resources */,
				8F4A9AA417E99F9D0005FC92 /* button-start-active-14.png in Resources */,
				8F4A9AA617E99F9D0005FC92 /* button-verder-active.png in Resources */,
				8F4A9AA717E99F9D0005FC92 /* button-verder-inactive-13.png in Resources */,
				0187A2BC17E9B655003219A5 /* button-check-04.png in Resources */,
				013A843717E9BEE100BC42ED /* 1.png in Resources */,
				013A843817E9BEE100BC42ED /* 2.png in Resources */,
				013A843917E9BEE100BC42ED /* 3.png in Resources */,
				013A843A17E9BEE100BC42ED /* 4.png in Resources */,
				013A843B17E9BEE100BC42ED /* 5.png in Resources */,
				013A843C17E9BEE100BC42ED /* 6.png in Resources */,
				013A843D17E9BEE100BC42ED /* 7.png in Resources */,
				013A843E17E9BEE100BC42ED /* 8.png in Resources */,
				013A843F17E9BEE100BC42ED /* 9.png in Resources */,
				013A844017E9BEE100BC42ED /* 10.png in Resources */,
				013A844117E9BEE100BC42ED /* 11.png in Resources */,
				013A844217E9BEE100BC42ED /* 12.png in Resources */,
				013A844317E9BEE100BC42ED /* 13.png in Resources */,
				013A844417E9BEE100BC42ED /* 14.png in Resources */,
				013A844517E9BEE100BC42ED /* 15.png in Resources */,
				013A844617E9BEE100BC42ED /* 16.png in Resources */,
				013A844717E9BEE100BC42ED /* 17.png in Resources */,
				013A844817E9BEE100BC42ED /* 18.png in Resources */,
				013A844917E9BEE100BC42ED /* 19.png in Resources */,
				013A844A17E9BEE100BC42ED /* 20.png in Resources */,
				013A844D17E9C18700BC42ED /* scene 3-2.png in Resources */,
				013A844F17E9C19500BC42ED /* scene 3.png in Resources */,
				013A845117E9CF4F00BC42ED /* label-product.png in Resources */,
				013A845317E9D11B00BC42ED /* product-laptop.png in Resources */,
				013A845517E9D96E00BC42ED /* button-verder-staan.png in Resources */,
				013A845717E9DAD700BC42ED /* scene 4.png in Resources */,
				013A845D17E9E2D000BC42ED /* text-background.png in Resources */,
				013A846017EA94A200BC42ED /* button-start-09.png in Resources */,
				013A846117EA94A200BC42ED /* scene 3-07.png in Resources */,
				013A846C17EAA00D00BC42ED /* label-background-staan-03.png in Resources */,
				013A846E17EAA19800BC42ED /* text-area-background-08.png in Resources */,
				013A847017EAAEAE00BC42ED /* 72x72.png in Resources */,
				013A847217EAAEB400BC42ED /* 144x144.png in Resources */,
				013A847417EAB00400BC42ED /* Default-Landscape~ipad.png in Resources */,
				013A847E17EADBBC00BC42ED /* product-desktop.png in Resources */,
				013A847F17EADBBC00BC42ED /* product-ipad.png in Resources */,
				01BF349617ECEF6B00357E44 /* backsound-dixon-game.mp3 in Resources */,
				01BF349717ECEF6B00357E44 /* doe-mee-button.wav in Resources */,
				01BF349817ECEF6B00357E44 /* false-answer.wav in Resources */,
				01BF349917ECEF6B00357E44 /* timer-sound_mixdown.wav in Resources */,
				01BF349A17ECEF6B00357E44 /* true-answer.wav in Resources */,
				01BF349B17ECEF6B00357E44 /* win-the-game.wav in Resources */,
				01BF349F17EDA99600357E44 /* 0.png in Resources */,
			);
			runOnlyForDeploymentPostprocessing = 0;
		};
/* End PBXResourcesBuildPhase section */

/* Begin PBXSourcesBuildPhase section */
		0187A1F917E820A7003219A5 /* Sources */ = {
			isa = PBXSourcesBuildPhase;
			buildActionMask = 2147483647;
			files = (
				0187A20D17E820A7003219A5 /* main.m in Sources */,
				0187A21117E820A7003219A5 /* DGAppDelegate.m in Sources */,
				0187A22E17E829AF003219A5 /* DGFirstViewController.m in Sources */,
				0187A23217E829C0003219A5 /* DGSecondViewController.m in Sources */,
				0187A23517E829C8003219A5 /* DGThirdViewController.m in Sources */,
				0187A23817E829D3003219A5 /* DGFourthViewController.m in Sources */,
				0187A23B17E829EA003219A5 /* DGFifthViewController.m in Sources */,
				0187A2B517E843E4003219A5 /* GTMNSString+HTML.m in Sources */,
				0187A2B617E843E4003219A5 /* MBProgressHUD.m in Sources */,
				013A846417EA971100BC42ED /* DGSixthViewController.m in Sources */,
				013A846717EA972700BC42ED /* DGSeventhViewController.m in Sources */,
				013A846A17EA973700BC42ED /* DGEighthViewController.m in Sources */,
				013A847B17EAD84A00BC42ED /* ALAssetsLibrary+CustomPhotoAlbum.m in Sources */,
				01BF348F17EC874200357E44 /* DGDataViewController.m in Sources */,
			);
			runOnlyForDeploymentPostprocessing = 0;
		};
/* End PBXSourcesBuildPhase section */

/* Begin PBXVariantGroup section */
		0187A20917E820A7003219A5 /* InfoPlist.strings */ = {
			isa = PBXVariantGroup;
			children = (
				0187A20A17E820A7003219A5 /* en */,
			);
			name = InfoPlist.strings;
			sourceTree = "<group>";
		};
/* End PBXVariantGroup section */

/* Begin XCBuildConfiguration section */
		0187A21817E820A7003219A5 /* Debug */ = {
			isa = XCBuildConfiguration;
			buildSettings = {
				ALWAYS_SEARCH_USER_PATHS = NO;
				CLANG_CXX_LANGUAGE_STANDARD = "gnu++0x";
				CLANG_CXX_LIBRARY = "libc++";
				CLANG_ENABLE_OBJC_ARC = YES;
				CLANG_WARN_CONSTANT_CONVERSION = YES;
				CLANG_WARN_EMPTY_BODY = YES;
				CLANG_WARN_ENUM_CONVERSION = YES;
				CLANG_WARN_INT_CONVERSION = YES;
				CLANG_WARN__DUPLICATE_METHOD_MATCH = YES;
				CODE_SIGN_IDENTITY = "iPhone Developer: HJM van der Lubbe (HPZ34GFT4H)";
				"CODE_SIGN_IDENTITY[sdk=iphoneos*]" = "iPhone Developer: HJM van der Lubbe (HPZ34GFT4H)";
				COPY_PHASE_STRIP = NO;
				GCC_C_LANGUAGE_STANDARD = gnu99;
				GCC_DYNAMIC_NO_PIC = NO;
				GCC_OPTIMIZATION_LEVEL = 0;
				GCC_PREPROCESSOR_DEFINITIONS = (
					"DEBUG=1",
					"$(inherited)",
				);
				GCC_SYMBOLS_PRIVATE_EXTERN = NO;
				GCC_WARN_ABOUT_RETURN_TYPE = YES;
				GCC_WARN_UNINITIALIZED_AUTOS = YES;
				GCC_WARN_UNUSED_VARIABLE = YES;
				IPHONEOS_DEPLOYMENT_TARGET = 6.1;
				ONLY_ACTIVE_ARCH = YES;
				PROVISIONING_PROFILE = "4CA9F7A0-765F-4A1A-8958-0AED312AB3C2";
				"PROVISIONING_PROFILE[sdk=iphoneos*]" = "AB9CFE24-BCF4-4DDF-9C37-DF54ADA35B7E";
				SDKROOT = iphoneos;
				TARGETED_DEVICE_FAMILY = 2;
			};
			name = Debug;
		};
		0187A21917E820A7003219A5 /* Release */ = {
			isa = XCBuildConfiguration;
			buildSettings = {
				ALWAYS_SEARCH_USER_PATHS = NO;
				CLANG_CXX_LANGUAGE_STANDARD = "gnu++0x";
				CLANG_CXX_LIBRARY = "libc++";
				CLANG_ENABLE_OBJC_ARC = YES;
				CLANG_WARN_CONSTANT_CONVERSION = YES;
				CLANG_WARN_EMPTY_BODY = YES;
				CLANG_WARN_ENUM_CONVERSION = YES;
				CLANG_WARN_INT_CONVERSION = YES;
				CLANG_WARN__DUPLICATE_METHOD_MATCH = YES;
				CODE_SIGN_IDENTITY = "iPhone Distribution: iCentre BV";
				"CODE_SIGN_IDENTITY[sdk=iphoneos*]" = "iPhone Distribution: iCentre BV";
				COPY_PHASE_STRIP = YES;
				GCC_C_LANGUAGE_STANDARD = gnu99;
				GCC_WARN_ABOUT_RETURN_TYPE = YES;
				GCC_WARN_UNINITIALIZED_AUTOS = YES;
				GCC_WARN_UNUSED_VARIABLE = YES;
				IPHONEOS_DEPLOYMENT_TARGET = 6.1;
				OTHER_CFLAGS = "-DNS_BLOCK_ASSERTIONS=1";
				PROVISIONING_PROFILE = "96107640-D0AE-4535-AAC8-22400DE44A3F";
				"PROVISIONING_PROFILE[sdk=iphoneos*]" = "96107640-D0AE-4535-AAC8-22400DE44A3F";
				SDKROOT = iphoneos;
				TARGETED_DEVICE_FAMILY = 2;
				VALIDATE_PRODUCT = YES;
			};
			name = Release;
		};
		0187A21B17E820A7003219A5 /* Debug */ = {
			isa = XCBuildConfiguration;
			buildSettings = {
				GCC_PRECOMPILE_PREFIX_HEADER = YES;
				GCC_PREFIX_HEADER = "dixonsgame/dixonsgame-Prefix.pch";
				INFOPLIST_FILE = "dixonsgame/dixonsgame-Info.plist";
				IPHONEOS_DEPLOYMENT_TARGET = 6.1;
				LIBRARY_SEARCH_PATHS = (
					"$(inherited)",
					"\"$(SRCROOT)/dixonsgame/Libraries/Google Analytics\"",
				);
				PRODUCT_NAME = "$(TARGET_NAME)";
				WRAPPER_EXTENSION = app;
			};
			name = Debug;
		};
		0187A21C17E820A7003219A5 /* Release */ = {
			isa = XCBuildConfiguration;
			buildSettings = {
				GCC_PRECOMPILE_PREFIX_HEADER = YES;
				GCC_PREFIX_HEADER = "dixonsgame/dixonsgame-Prefix.pch";
				INFOPLIST_FILE = "dixonsgame/dixonsgame-Info.plist";
				IPHONEOS_DEPLOYMENT_TARGET = 6.1;
				LIBRARY_SEARCH_PATHS = (
					"$(inherited)",
					"\"$(SRCROOT)/dixonsgame/Libraries/Google Analytics\"",
				);
				PRODUCT_NAME = "$(TARGET_NAME)";
				WRAPPER_EXTENSION = app;
			};
			name = Release;
		};
/* End XCBuildConfiguration section */

/* Begin XCConfigurationList section */
		0187A1F817E820A7003219A5 /* Build configuration list for PBXProject "dixonsgame" */ = {
			isa = XCConfigurationList;
			buildConfigurations = (
				0187A21817E820A7003219A5 /* Debug */,
				0187A21917E820A7003219A5 /* Release */,
			);
			defaultConfigurationIsVisible = 0;
			defaultConfigurationName = Release;
		};
		0187A21A17E820A7003219A5 /* Build configuration list for PBXNativeTarget "dixonsgame" */ = {
			isa = XCConfigurationList;
			buildConfigurations = (
				0187A21B17E820A7003219A5 /* Debug */,
				0187A21C17E820A7003219A5 /* Release */,
			);
			defaultConfigurationIsVisible = 0;
			defaultConfigurationName = Release;
		};
/* End XCConfigurationList section */
	};
	rootObject = 0187A1F517E820A7003219A5 /* Project object */;
}
